<?xml version="1.0" encoding="utf-8"?>
<Project ToolsVersion="4.0" xmlns="http://schemas.microsoft.com/developer/msbuild/2003">
  <ItemGroup>
    <Filter Include="Source Files">
      <UniqueIdentifier>{82cbe054-888b-4cc6-a3c6-edec663ab069}</UniqueIdentifier>
      <Extensions>cpp;c;cxx;def;odl;idl;hpj;bat;asm</Extensions>
    </Filter>
    <Filter Include="Header Files">
      <UniqueIdentifier>{3c7a8add-394a-4480-879f-24013b753445}</UniqueIdentifier>
      <Extensions>h;hpp;hxx;hm;inl;inc</Extensions>
    </Filter>
    <Filter Include="Resource Files">
      <UniqueIdentifier>{4a923535-423a-4c75-beaa-441613545488}</UniqueIdentifier>
      <Extensions>rc;ico;cur;bmp;dlg;rc2;rct;bin;rgs;jpg;jpeg;jpe;manifest</Extensions>
    </Filter>
    <Filter Include="Helpers">
      <UniqueIdentifier>{1f37ca0a-7425-4fab-aac4-4bf51b9d183d}</UniqueIdentifier>
    </Filter>
    <Filter Include="Resource Files\Icons">
      <UniqueIdentifier>{ca9049d8-69a1-4c74-835a-0b3541a1b2a8}</UniqueIdentifier>
    </Filter>
    <Filter Include="Dialogs">
      <UniqueIdentifier>{abd1dcba-2af0-4dd2-a8c5-f9232767cfe7}</UniqueIdentifier>
    </Filter>
  </ItemGroup>
  <ItemGroup>
    <ClCompile Include="pch.cpp">
      <Filter>Source Files</Filter>
    </ClCompile>
    <ClCompile Include="WMIExp.cpp">
      <Filter>Source Files</Filter>
    </ClCompile>
    <ClCompile Include="MainFrm.cpp">
      <Filter>Source Files</Filter>
    </ClCompile>
    <ClCompile Include="AboutDlg.cpp">
      <Filter>Dialogs</Filter>
    </ClCompile>
    <ClCompile Include="SecurityHelper.cpp">
      <Filter>Helpers</Filter>
    </ClCompile>
    <ClCompile Include="Settings.cpp">
      <Filter>Source Files</Filter>
    </ClCompile>
    <ClCompile Include="WMIHelper.cpp">
      <Filter>Helpers</Filter>
    </ClCompile>
  </ItemGroup>
  <ItemGroup>
    <ClInclude Include="pch.h">
      <Filter>Header Files</Filter>
    </ClInclude>
    <ClInclude Include="MainFrm.h">
      <Filter>Header Files</Filter>
    </ClInclude>
    <ClInclude Include="resource.h">
      <Filter>Resource Files</Filter>
    </ClInclude>
    <ClInclude Include="AboutDlg.h">
      <Filter>Dialogs</Filter>
    </ClInclude>
    <ClInclude Include="SecurityHelper.h">
      <Filter>Helpers</Filter>
    </ClInclude>
    <ClInclude Include="Settings.h">
      <Filter>Header Files</Filter>
    </ClInclude>
    <ClInclude Include="AppSettings.h">
      <Filter>Header Files</Filter>
    </ClInclude>
    <ClInclude Include="WMIHelper.h">
      <Filter>Helpers</Filter>
    </ClInclude>
  </ItemGroup>
  <ItemGroup>
    <ResourceCompile Include="WMIExp.rc">
      <Filter>Resource Files</Filter>
    </ResourceCompile>
  </ItemGroup>
  <ItemGroup>
    <None Include="packages.config" />
  </ItemGroup>
  <ItemGroup>
    <Image Include="res\WMIExp.ico">
      <Filter>Resource Files\Icons</Filter>
    </Image>
    <Image Include="res\copy.ico">
      <Filter>Resource Files\Icons</Filter>
    </Image>
    <Image Include="res\Refresh.ico">
      <Filter>Resource Files\Icons</Filter>
    </Image>
    <Image Include="res\class.ico">
      <Filter>Resource Files\Icons</Filter>
    </Image>
    <Image Include="res\method.ico">
      <Filter>Resource Files\Icons</Filter>
    </Image>
    <Image Include="res\properties.ico">
      <Filter>Resource Files\Icons</Filter>
    </Image>
    <Image Include="res\namespace.ico">
      <Filter>Resource Files\Icons</Filter>
    </Image>
    <Image Include="res\object.ico">
      <Filter>Resource Files\Icons</Filter>
    </Image>
    <Image Include="res\properties-info.ico">
      <Filter>Resource Files\Icons</Filter>
    </Image>
    <Image Include="res\check.ico">
      <Filter>Resource Files\Icons</Filter>
    </Image>
    <Image Include="res\radio.ico">
      <Filter>Resource Files\Icons</Filter>
    </Image>
  </ItemGroup>
</Project>